// !$*UTF8*$!
{
	archiveVersion = 1;
	classes = {
	};
	objectVersion = 46;
	objects = {

/* Begin PBXBuildFile section */
		70E9609A1D38EDD4002061B7 /* main.m in Sources */ = {isa = PBXBuildFile; fileRef = 70E960991D38EDD4002061B7 /* main.m */; };
		70E9609D1D38EDD4002061B7 /* AppDelegate.m in Sources */ = {isa = PBXBuildFile; fileRef = 70E9609C1D38EDD4002061B7 /* AppDelegate.m */; };
		70E960A01D38EDD4002061B7 /* ViewController.m in Sources */ = {isa = PBXBuildFile; fileRef = 70E9609F1D38EDD4002061B7 /* ViewController.m */; };
		70E960A31D38EDD4002061B7 /* Main.storyboard in Resources */ = {isa = PBXBuildFile; fileRef = 70E960A11D38EDD4002061B7 /* Main.storyboard */; };
		70E960A51D38EDD4002061B7 /* Assets.xcassets in Resources */ = {isa = PBXBuildFile; fileRef = 70E960A41D38EDD4002061B7 /* Assets.xcassets */; };
		70E960A81D38EDD4002061B7 /* LaunchScreen.storyboard in Resources */ = {isa = PBXBuildFile; fileRef = 70E960A61D38EDD4002061B7 /* LaunchScreen.storyboard */; };
		70E960B31D38EDD4002061B7 /* SDCityPickerViewTests.m in Sources */ = {isa = PBXBuildFile; fileRef = 70E960B21D38EDD4002061B7 /* SDCityPickerViewTests.m */; };
		70E960C21D38EDF5002061B7 /* changeCity.plist in Resources */ = {isa = PBXBuildFile; fileRef = 70E960BE1D38EDF5002061B7 /* changeCity.plist */; };
		70E960C31D38EDF5002061B7 /* SDCityPickerView.m in Sources */ = {isa = PBXBuildFile; fileRef = 70E960C01D38EDF5002061B7 /* SDCityPickerView.m */; };
		70E960C41D38EDF5002061B7 /* SDCityPickerView.xib in Resources */ = {isa = PBXBuildFile; fileRef = 70E960C11D38EDF5002061B7 /* SDCityPickerView.xib */; };
/* End PBXBuildFile section */

/* Begin PBXContainerItemProxy section */
		70E960AF1D38EDD4002061B7 /* PBXContainerItemProxy */ = {
			isa = PBXContainerItemProxy;
			containerPortal = 70E9608D1D38EDD4002061B7 /* Project object */;
			proxyType = 1;
			remoteGlobalIDString = 70E960941D38EDD4002061B7;
			remoteInfo = SDCityPickerView;
		};
/* End PBXContainerItemProxy section */

/* Begin PBXFileReference section */
		70E960951D38EDD4002061B7 /* SDCityPickerView.app */ = {isa = PBXFileReference; explicitFileType = wrapper.application; includeInIndex = 0; path = SDCityPickerView.app; sourceTree = BUILT_PRODUCTS_DIR; };
		70E960991D38EDD4002061B7 /* main.m */ = {isa = PBXFileReference; lastKnownFileType = sourcecode.c.objc; path = main.m; sourceTree = "<group>"; };
		70E9609B1D38EDD4002061B7 /* AppDelegate.h */ = {isa = PBXFileReference; lastKnownFileType = sourcecode.c.h; path = AppDelegate.h; sourceTree = "<group>"; };
		70E9609C1D38EDD4002061B7 /* AppDelegate.m */ = {isa = PBXFileReference; lastKnownFileType = sourcecode.c.objc; path = AppDelegate.m; sourceTree = "<group>"; };
		70E9609E1D38EDD4002061B7 /* ViewController.h */ = {isa = PBXFileReference; lastKnownFileType = sourcecode.c.h; path = ViewController.h; sourceTree = "<group>"; };
		70E9609F1D38EDD4002061B7 /* ViewController.m */ = {isa = PBXFileReference; lastKnownFileType = sourcecode.c.objc; path = ViewController.m; sourceTree = "<group>"; };
		70E960A21D38EDD4002061B7 /* Base */ = {isa = PBXFileReference; lastKnownFileType = file.storyboard; name = Base; path = Base.lproj/Main.storyboard; sourceTree = "<group>"; };
		70E960A41D38EDD4002061B7 /* Assets.xcassets */ = {isa = PBXFileReference; lastKnownFileType = folder.assetcatalog; path = Assets.xcassets; sourceTree = "<group>"; };
		70E960A71D38EDD4002061B7 /* Base */ = {isa = PBXFileReference; lastKnownFileType = file.storyboard; name = Base; path = Base.lproj/LaunchScreen.storyboard; sourceTree = "<group>"; };
		70E960A91D38EDD4002061B7 /* Info.plist */ = {isa = PBXFileReference; lastKnownFileType = text.plist.xml; path = Info.plist; sourceTree = "<group>"; };
		70E960AE1D38EDD4002061B7 /* SDCityPickerViewTests.xctest */ = {isa = PBXFileReference; explicitFileType = wrapper.cfbundle; includeInIndex = 0; path = SDCityPickerViewTests.xctest; sourceTree = BUILT_PRODUCTS_DIR; };
		70E960B21D38EDD4002061B7 /* SDCityPickerViewTests.m */ = {isa = PBXFileReference; lastKnownFileType = sourcecode.c.objc; path = SDCityPickerViewTests.m; sourceTree = "<group>"; };
		70E960B41D38EDD4002061B7 /* Info.plist */ = {isa = PBXFileReference; lastKnownFileType = text.plist.xml; path = Info.plist; sourceTree = "<group>"; };
		70E960BE1D38EDF5002061B7 /* changeCity.plist */ = {isa = PBXFileReference; fileEncoding = 4; lastKnownFileType = text.plist.xml; path = changeCity.plist; sourceTree = "<group>"; };
		70E960BF1D38EDF5002061B7 /* SDCityPickerView.h */ = {isa = PBXFileReference; fileEncoding = 4; lastKnownFileType = sourcecode.c.h; path = SDCityPickerView.h; sourceTree = "<group>"; };
		70E960C01D38EDF5002061B7 /* SDCityPickerView.m */ = {isa = PBXFileReference; fileEncoding = 4; lastKnownFileType = sourcecode.c.objc; path = SDCityPickerView.m; sourceTree = "<group>"; };
		70E960C11D38EDF5002061B7 /* SDCityPickerView.xib */ = {isa = PBXFileReference; fileEncoding = 4; lastKnownFileType = file.xib; path = SDCityPickerView.xib; sourceTree = "<group>"; };
/* End PBXFileReference section */

/* Begin PBXFrameworksBuildPhase section */
		70E960921D38EDD4002061B7 /* Frameworks */ = {
			isa = PBXFrameworksBuildPhase;
			buildActionMask = 2147483647;
			files = (
			);
			runOnlyForDeploymentPostprocessing = 0;
		};
		70E960AB1D38EDD4002061B7 /* Frameworks */ = {
			isa = PBXFrameworksBuildPhase;
			buildActionMask = 2147483647;
			files = (
			);
			runOnlyForDeploymentPostprocessing = 0;
		};
/* End PBXFrameworksBuildPhase section */

/* Begin PBXGroup section */
		70E9608C1D38EDD4002061B7 = {
			isa = PBXGroup;
			children = (
				70E960971D38EDD4002061B7 /* SDCityPickerView */,
				70E960B11D38EDD4002061B7 /* SDCityPickerViewTests */,
				70E960961D38EDD4002061B7 /* Products */,
			);
			sourceTree = "<group>";
		};
		70E960961D38EDD4002061B7 /* Products */ = {
			isa = PBXGroup;
			children = (
				70E960951D38EDD4002061B7 /* SDCityPickerView.app */,
				70E960AE1D38EDD4002061B7 /* SDCityPickerViewTests.xctest */,
			);
			name = Products;
			sourceTree = "<group>";
		};
		70E960971D38EDD4002061B7 /* SDCityPickerView */ = {
			isa = PBXGroup;
			children = (
				70E960BD1D38EDF5002061B7 /* SDCityPicker */,
				70E9609B1D38EDD4002061B7 /* AppDelegate.h */,
				70E9609C1D38EDD4002061B7 /* AppDelegate.m */,
				70E9609E1D38EDD4002061B7 /* ViewController.h */,
				70E9609F1D38EDD4002061B7 /* ViewController.m */,
				70E960A11D38EDD4002061B7 /* Main.storyboard */,
				70E960A41D38EDD4002061B7 /* Assets.xcassets */,
				70E960A61D38EDD4002061B7 /* LaunchScreen.storyboard */,
				70E960A91D38EDD4002061B7 /* Info.plist */,
				70E960981D38EDD4002061B7 /* Supporting Files */,
			);
			path = SDCityPickerView;
			sourceTree = "<group>";
		};
		70E960981D38EDD4002061B7 /* Supporting Files */ = {
			isa = PBXGroup;
			children = (
				70E960991D38EDD4002061B7 /* main.m */,
			);
			name = "Supporting Files";
			sourceTree = "<group>";
		};
		70E960B11D38EDD4002061B7 /* SDCityPickerViewTests */ = {
			isa = PBXGroup;
			children = (
				70E960B21D38EDD4002061B7 /* SDCityPickerViewTests.m */,
				70E960B41D38EDD4002061B7 /* Info.plist */,
			);
			path = SDCityPickerViewTests;
			sourceTree = "<group>";
		};
		70E960BD1D38EDF5002061B7 /* SDCityPicker */ = {
			isa = PBXGroup;
			children = (
				70E960BE1D38EDF5002061B7 /* changeCity.plist */,
				70E960BF1D38EDF5002061B7 /* SDCityPickerView.h */,
				70E960C01D38EDF5002061B7 /* SDCityPickerView.m */,
				70E960C11D38EDF5002061B7 /* SDCityPickerView.xib */,
			);
			path = SDCityPicker;
			sourceTree = "<group>";
		};
/* End PBXGroup section */

/* Begin PBXNativeTarget section */
		70E960941D38EDD4002061B7 /* SDCityPickerView */ = {
			isa = PBXNativeTarget;
			buildConfigurationList = 70E960B71D38EDD4002061B7 /* Build configuration list for PBXNativeTarget "SDCityPickerView" */;
			buildPhases = (
				70E960911D38EDD4002061B7 /* Sources */,
				70E960921D38EDD4002061B7 /* Frameworks */,
				70E960931D38EDD4002061B7 /* Resources */,
			);
			buildRules = (
			);
			dependencies = (
			);
			name = SDCityPickerView;
			productName = SDCityPickerView;
			productReference = 70E960951D38EDD4002061B7 /* SDCityPickerView.app */;
			productType = "com.apple.product-type.application";
		};
		70E960AD1D38EDD4002061B7 /* SDCityPickerViewTests */ = {
			isa = PBXNativeTarget;
			buildConfigurationList = 70E960BA1D38EDD4002061B7 /* Build configuration list for PBXNativeTarget "SDCityPickerViewTests" */;
			buildPhases = (
				70E960AA1D38EDD4002061B7 /* Sources */,
				70E960AB1D38EDD4002061B7 /* Frameworks */,
				70E960AC1D38EDD4002061B7 /* Resources */,
			);
			buildRules = (
			);
			dependencies = (
				70E960B01D38EDD4002061B7 /* PBXTargetDependency */,
			);
			name = SDCityPickerViewTests;
			productName = SDCityPickerViewTests;
			productReference = 70E960AE1D38EDD4002061B7 /* SDCityPickerViewTests.xctest */;
			productType = "com.apple.product-type.bundle.unit-test";
		};
/* End PBXNativeTarget section */

/* Begin PBXProject section */
		70E9608D1D38EDD4002061B7 /* Project object */ = {
			isa = PBXProject;
			attributes = {
				LastUpgradeCheck = 0730;
				ORGANIZATIONNAME = "Feng Yan";
				TargetAttributes = {
					70E960941D38EDD4002061B7 = {
						CreatedOnToolsVersion = 7.3.1;
					};
					70E960AD1D38EDD4002061B7 = {
						CreatedOnToolsVersion = 7.3.1;
						TestTargetID = 70E960941D38EDD4002061B7;
					};
				};
			};
			buildConfigurationList = 70E960901D38EDD4002061B7 /* Build configuration list for PBXProject "SDCityPickerView" */;
			compatibilityVersion = "Xcode 3.2";
			developmentRegion = English;
			hasScannedForEncodings = 0;
			knownRegions = (
				en,
				Base,
			);
			mainGroup = 70E9608C1D38EDD4002061B7;
			productRefGroup = 70E960961D38EDD4002061B7 /* Products */;
			projectDirPath = "";
			projectRoot = "";
			targets = (
				70E960941D38EDD4002061B7 /* SDCityPickerView */,
				70E960AD1D38EDD4002061B7 /* SDCityPickerViewTests */,
			);
		};
/* End PBXProject section */

/* Begin PBXResourcesBuildPhase section */
		70E960931D38EDD4002061B7 /* Resources */ = {
			isa = PBXResourcesBuildPhase;
			buildActionMask = 2147483647;
			files = (
				70E960A81D38EDD4002061B7 /* LaunchScreen.storyboard in Resources */,
				70E960C41D38EDF5002061B7 /* SDCityPickerView.xib in Resources */,
				70E960C21D38EDF5002061B7 /* changeCity.plist in Resources */,
				70E960A51D38EDD4002061B7 /* Assets.xcassets in Resources */,
				70E960A31D38EDD4002061B7 /* Main.storyboard in Resources */,
			);
			runOnlyForDeploymentPostprocessing = 0;
		};
		70E960AC1D38EDD4002061B7 /* Resources */ = {
			isa = PBXResourcesBuildPhase;
			buildActionMask = 2147483647;
			files = (
			);
			runOnlyForDeploymentPostprocessing = 0;
		};
/* End PBXResourcesBuildPhase section */

/* Begin PBXSourcesBuildPhase section */
		70E960911D38EDD4002061B7 /* Sources */ = {
			isa = PBXSourcesBuildPhase;
			buildActionMask = 2147483647;
			files = (
				70E960A01D38EDD4002061B7 /* ViewController.m in Sources */,
				70E9609D1D38EDD4002061B7 /* AppDelegate.m in Sources */,
				70E960C31D38EDF5002061B7 /* SDCityPickerView.m in Sources */,
				70E9609A1D38EDD4002061B7 /* main.m in Sources */,
			);
			runOnlyForDeploymentPostprocessing = 0;
		};
		70E960AA1D38EDD4002061B7 /* Sources */ = {
			isa = PBXSourcesBuildPhase;
			buildActionMask = 2147483647;
			files = (
				70E960B31D38EDD4002061B7 /* SDCityPickerViewTests.m in Sources */,
			);
			runOnlyForDeploymentPostprocessing = 0;
		};
/* End PBXSourcesBuildPhase section */

/* Begin PBXTargetDependency section */
		70E960B01D38EDD4002061B7 /* PBXTargetDependency */ = {
			isa = PBXTargetDependency;
			target = 70E960941D38EDD4002061B7 /* SDCityPickerView */;
			targetProxy = 70E960AF1D38EDD4002061B7 /* PBXContainerItemProxy */;
		};
/* End PBXTargetDependency section */

/* Begin PBXVariantGroup section */
		70E960A11D38EDD4002061B7 /* Main.storyboard */ = {
			isa = PBXVariantGroup;
			children = (
				70E960A21D38EDD4002061B7 /* Base */,
			);
			name = Main.storyboard;
			sourceTree = "<group>";
		};
		70E960A61D38EDD4002061B7 /* LaunchScreen.storyboard */ = {
			isa = PBXVariantGroup;
			children = (
				70E960A71D38EDD4002061B7 /* Base */,
			);
			name = LaunchScreen.storyboard;
			sourceTree = "<group>";
		};
/* End PBXVariantGroup section */

/* Begin XCBuildConfiguration section */
		70E960B51D38EDD4002061B7 /* Debug */ = {
			isa = XCBuildConfiguration;
			buildSettings = {
				ALWAYS_SEARCH_USER_PATHS = NO;
				CLANG_ANALYZER_NONNULL = YES;
				CLANG_CXX_LANGUAGE_STANDARD = "gnu++0x";
				CLANG_CXX_LIBRARY = "libc++";
				CLANG_ENABLE_MODULES = YES;
				CLANG_ENABLE_OBJC_ARC = YES;
				CLANG_WARN_BOOL_CONVERSION = YES;
				CLANG_WARN_CONSTANT_CONVERSION = YES;
				CLANG_WARN_DIRECT_OBJC_ISA_USAGE = YES_ERROR;
				CLANG_WARN_EMPTY_BODY = YES;
				CLANG_WARN_ENUM_CONVERSION = YES;
				CLANG_WARN_INT_CONVERSION = YES;
				CLANG_WARN_OBJC_ROOT_CLASS = YES_ERROR;
				CLANG_WARN_UNREACHABLE_CODE = YES;
				CLANG_WARN__DUPLICATE_METHOD_MATCH = YES;
				"CODE_SIGN_IDENTITY[sdk=iphoneos*]" = "iPhone Developer";
				COPY_PHASE_STRIP = NO;
				DEBUG_INFORMATION_FORMAT = dwarf;
				ENABLE_STRICT_OBJC_MSGSEND = YES;
				ENABLE_TESTABILITY = YES;
				GCC_C_LANGUAGE_STANDARD = gnu99;
				GCC_DYNAMIC_NO_PIC = NO;
				GCC_NO_COMMON_BLOCKS = YES;
				GCC_OPTIMIZATION_LEVEL = 0;
				GCC_PREPROCESSOR_DEFINITIONS = (
					"DEBUG=1",
					"$(inherited)",
				);
				GCC_WARN_64_TO_32_BIT_CONVERSION = YES;
				GCC_WARN_ABOUT_RETURN_TYPE = YES_ERROR;
				GCC_WARN_UNDECLARED_SELECTOR = YES;
				GCC_WARN_UNINITIALIZED_AUTOS = YES_AGGRESSIVE;
				GCC_WARN_UNUSED_FUNCTION = YES;
				GCC_WARN_UNUSED_VARIABLE = YES;
				IPHONEOS_DEPLOYMENT_TARGET = 9.3;
				MTL_ENABLE_DEBUG_INFO = YES;
				ONLY_ACTIVE_ARCH = YES;
				SDKROOT = iphoneos;
			};
			name = Debug;
		};
		70E960B61D38EDD4002061B7 /* Release */ = {
			isa = XCBuildConfiguration;
			buildSettings = {
				ALWAYS_SEARCH_USER_PATHS = NO;
				CLANG_ANALYZER_NONNULL = YES;
				CLANG_CXX_LANGUAGE_STANDARD = "gnu++0x";
				CLANG_CXX_LIBRARY = "libc++";
				CLANG_ENABLE_MODULES = YES;
				CLANG_ENABLE_OBJC_ARC = YES;
				CLANG_WARN_BOOL_CONVERSION = YES;
				CLANG_WARN_CONSTANT_CONVERSION = YES;
				CLANG_WARN_DIRECT_OBJC_ISA_USAGE = YES_ERROR;
				CLANG_WARN_EMPTY_BODY = YES;
				CLANG_WARN_ENUM_CONVERSION = YES;
				CLANG_WARN_INT_CONVERSION = YES;
				CLANG_WARN_OBJC_ROOT_CLASS = YES_ERROR;
				CLANG_WARN_UNREACHABLE_CODE = YES;
				CLANG_WARN__DUPLICATE_METHOD_MATCH = YES;
				"CODE_SIGN_IDENTITY[sdk=iphoneos*]" = "iPhone Developer";
				COPY_PHASE_STRIP = NO;
				DEBUG_INFORMATION_FORMAT = "dwarf-with-dsym";
				ENABLE_NS_ASSERTIONS = NO;
				ENABLE_STRICT_OBJC_MSGSEND = YES;
				GCC_C_LANGUAGE_STANDARD = gnu99;
				GCC_NO_COMMON_BLOCKS = YES;
				GCC_WARN_64_TO_32_BIT_CONVERSION = YES;
				GCC_WARN_ABOUT_RETURN_TYPE = YES_ERROR;
				GCC_WARN_UNDECLARED_SELECTOR = YES;
				GCC_WARN_UNINITIALIZED_AUTOS = YES_AGGRESSIVE;
				GCC_WARN_UNUSED_FUNCTION = YES;
				GCC_WARN_UNUSED_VARIABLE = YES;
				IPHONEOS_DEPLOYMENT_TARGET = 9.3;
				MTL_ENABLE_DEBUG_INFO = NO;
				SDKROOT = iphoneos;
				VALIDATE_PRODUCT = YES;
			};
			name = Release;
		};
		70E960B81D38EDD4002061B7 /* Debug */ = {
			isa = XCBuildConfiguration;
			buildSettings = {
				ASSETCATALOG_COMPILER_APPICON_NAME = AppIcon;
				INFOPLIST_FILE = SDCityPickerView/Info.plist;
				LD_RUNPATH_SEARCH_PATHS = "$(inherited) @executable_path/Frameworks";
				PRODUCT_BUNDLE_IDENTIFIER = com.SDCityPickerView.www.fengyan.SDCityPickerView;
				PRODUCT_NAME = "$(TARGET_NAME)";
			};
			name = Debug;
		};
		70E960B91D38EDD4002061B7 /* Release */ = {
			isa = XCBuildConfiguration;
			buildSettings = {
				ASSETCATALOG_COMPILER_APPICON_NAME = AppIcon;
				INFOPLIST_FILE = SDCityPickerView/Info.plist;
				LD_RUNPATH_SEARCH_PATHS = "$(inherited) @executable_path/Frameworks";
				PRODUCT_BUNDLE_IDENTIFIER = com.SDCityPickerView.www.fengyan.SDCityPickerView;
				PRODUCT_NAME = "$(TARGET_NAME)";
			};
			name = Release;
		};
		70E960BB1D38EDD4002061B7 /* Debug */ = {
			isa = XCBuildConfiguration;
			buildSettings = {
				BUNDLE_LOADER = "$(TEST_HOST)";
				INFOPLIST_FILE = SDCityPickerViewTests/Info.plist;
				LD_RUNPATH_SEARCH_PATHS = "$(inherited) @executable_path/Frameworks @loader_path/Frameworks";
				PRODUCT_BUNDLE_IDENTIFIER = com.SDCityPickerView.www.fengyan.SDCityPickerViewTests;
				PRODUCT_NAME = "$(TARGET_NAME)";
				TEST_HOST = "$(BUILT_PRODUCTS_DIR)/SDCityPickerView.app/SDCityPickerView";
			};
			name = Debug;
		};
		70E960BC1D38EDD4002061B7 /* Release */ = {
			isa = XCBuildConfiguration;
			buildSettings = {
				BUNDLE_LOADER = "$(TEST_HOST)";
				INFOPLIST_FILE = SDCityPickerViewTests/Info.plist;
				LD_RUNPATH_SEARCH_PATHS = "$(inherited) @executable_path/Frameworks @loader_path/Frameworks";
				PRODUCT_BUNDLE_IDENTIFIER = com.SDCityPickerView.www.fengyan.SDCityPickerViewTests;
				PRODUCT_NAME = "$(TARGET_NAME)";
				TEST_HOST = "$(BUILT_PRODUCTS_DIR)/SDCityPickerView.app/SDCityPickerView";
			};
			name = Release;
		};
/* End XCBuildConfiguration section */

/* Begin XCConfigurationList section */
		70E960901D38EDD4002061B7 /* Build configuration list for PBXProject "SDCityPickerView" */ = {
			isa = XCConfigurationList;
			buildConfigurations = (
				70E960B51D38EDD4002061B7 /* Debug */,
				70E960B61D38EDD4002061B7 /* Release */,
			);
			defaultConfigurationIsVisible = 0;
			defaultConfigurationName = Release;
		};
		70E960B71D38EDD4002061B7 /* Build configuration list for PBXNativeTarget "SDCityPickerView" */ = {
			isa = XCConfigurationList;
			buildConfigurations = (
				70E960B81D38EDD4002061B7 /* Debug */,
				70E960B91D38EDD4002061B7 /* Release */,
			);
			defaultConfigurationIsVisible = 0;
		};
		70E960BA1D38EDD4002061B7 /* Build configuration list for PBXNativeTarget "SDCityPickerViewTests" */ = {
			isa = XCConfigurationList;
			buildConfigurations = (
				70E960BB1D38EDD4002061B7 /* Debug */,
				70E960BC1D38EDD4002061B7 /* Release */,
			);
			defaultConfigurationIsVisible = 0;
		};
/* End XCConfigurationList section */
	};
	rootObject = 70E9608D1D38EDD4002061B7 /* Project object */;
}
